
Microsoft Visual Studio Solution File, Format Version 12.00
# Visual Studio Version 16
VisualStudioVersion = 16.0.31105.61
MinimumVisualStudioVersion = 10.0.40219.1
Project("{FAE04EC0-301F-11D3-BF4B-00C04F79EFBC}") = "CodingRituality", "CodingRituality\CodingRituality.csproj", "{E5056332-B2CB-4900-88A9-CABE8E90848B}"
EndProject
Global
	GlobalSection(SolutionConfigurationPlatforms) = preSolution
		Debug|Any CPU = Debug|Any CPU
		Release|Any CPU = Release|Any CPU
	EndGlobalSection
	GlobalSection(ProjectConfigurationPlatforms) = postSolution
		{E5056332-B2CB-4900-88A9-CABE8E90848B}.Debug|Any CPU.ActiveCfg = Debug|Any CPU
		{E5056332-B2CB-4900-88A9-CABE8E90848B}.Debug|Any CPU.Build.0 = Debug|Any CPU
		{E5056332-B2CB-4900-88A9-CABE8E90848B}.Release|Any CPU.ActiveCfg = Release|Any CPU
		{E5056332-B2CB-4900-88A9-CABE8E90848B}.Release|Any CPU.Build.0 = Release|Any CPU
	EndGlobalSection
	GlobalSection(SolutionProperties) = preSolution
		HideSolutionNode = FALSE
	EndGlobalSection
	GlobalSection(ExtensibilityGlobals) = postSolution
		SolutionGuid = {3327325A-C766-4832-8D18-40E21582EF7D}
	EndGlobalSection
EndGlobal
